
Microsoft Visual Studio Solution File, Format Version 12.00
# Visual Studio Version 16
VisualStudioVersion = 16.0.34407.143
MinimumVisualStudioVersion = 10.0.40219.1
Project("{FAE04EC0-301F-11D3-BF4B-00C04F79EFBC}") = "hada-p1", "hada-p1.csproj", "{35A56124-ABF2-42BE-B9FF-8F5A98788C3A}"
EndProject
Global
	GlobalSection(SolutionConfigurationPlatforms) = preSolution
		Debug|Any CPU = Debug|Any CPU
		Release|Any CPU = Release|Any CPU
	EndGlobalSection
	GlobalSection(ProjectConfigurationPlatforms) = postSolution
		{35A56124-ABF2-42BE-B9FF-8F5A98788C3A}.Debug|Any CPU.ActiveCfg = Debug|Any CPU
		{35A56124-ABF2-42BE-B9FF-8F5A98788C3A}.Debug|Any CPU.Build.0 = Debug|Any CPU
		{35A56124-ABF2-42BE-B9FF-8F5A98788C3A}.Release|Any CPU.ActiveCfg = Release|Any CPU
		{35A56124-ABF2-42BE-B9FF-8F5A98788C3A}.Release|Any CPU.Build.0 = Release|Any CPU
	EndGlobalSection
	GlobalSection(SolutionProperties) = preSolution
		HideSolutionNode = FALSE
	EndGlobalSection
	GlobalSection(ExtensibilityGlobals) = postSolution
		SolutionGuid = {BB605C44-ACD7-4AE8-8C48-A12D15B1E4E8}
	EndGlobalSection
EndGlobal
